
Microsoft Visual Studio Solution File, Format Version 12.00
# Visual Studio Version 17
VisualStudioVersion = 17.11.35219.272
MinimumVisualStudioVersion = 10.0.40219.1
Project("{9A19103F-16F7-4668-BE54-9A1E7A4F7556}") = "DalTest", "DalTest\DalTest.csproj", "{0BC7E7E2-271C-47DC-9584-F756DC559000}"
EndProject
Project("{9A19103F-16F7-4668-BE54-9A1E7A4F7556}") = "DalFacade", "DalFacade\DalFacade.csproj", "{3EADA2CD-43E6-4733-B38C-58283176D71B}"
EndProject
Project("{9A19103F-16F7-4668-BE54-9A1E7A4F7556}") = "DalList", "DalList\DalList.csproj", "{3332A362-41DC-49B3-BF93-A3E311AA2872}"
EndProject
Project("{9A19103F-16F7-4668-BE54-9A1E7A4F7556}") = "DalXML", "DalXML\DalXML.csproj", "{7B17BDAB-7144-41A8-87CF-ED29B9CDBF0F}"
EndProject
Project("{2150E333-8FDC-42A3-9474-1A3956D46DE8}") = "xml", "xml", "{02EA681E-C7D8-13C7-8484-4AC65E1B71E8}"
	ProjectSection(SolutionItems) = preProject
		xml\customers.xml = xml\customers.xml
		xml\dal-config.xml = xml\dal-config.xml
		xml\data-config.xml = xml\data-config.xml
		xml\products.xml = xml\products.xml
		xml\sales.xml = xml\sales.xml
	EndProjectSection
EndProject
Project("{9A19103F-16F7-4668-BE54-9A1E7A4F7556}") = "BL", "BL\BL.csproj", "{38FA5EBF-D562-4FCF-B1B2-247442C52539}"
EndProject
Project("{9A19103F-16F7-4668-BE54-9A1E7A4F7556}") = "BlTest", "BlTest\BlTest.csproj", "{64D5BAD9-7D6B-4E0C-8913-9A48643A1C38}"
EndProject
Project("{FAE04EC0-301F-11D3-BF4B-00C04F79EFBC}") = "WinFormsUI", "WinFormsUI\WinFormsUI.csproj", "{66F22A2E-682E-497E-81BD-D25EEBA04E41}"
EndProject
Global
	GlobalSection(SolutionConfigurationPlatforms) = preSolution
		Debug|Any CPU = Debug|Any CPU
		Debug|x64 = Debug|x64
		Debug|x86 = Debug|x86
		Release|Any CPU = Release|Any CPU
		Release|x64 = Release|x64
		Release|x86 = Release|x86
	EndGlobalSection
	GlobalSection(ProjectConfigurationPlatforms) = postSolution
		{0BC7E7E2-271C-47DC-9584-F756DC559000}.Debug|Any CPU.ActiveCfg = Debug|Any CPU
		{0BC7E7E2-271C-47DC-9584-F756DC559000}.Debug|Any CPU.Build.0 = Debug|Any CPU
		{0BC7E7E2-271C-47DC-9584-F756DC559000}.Debug|x64.ActiveCfg = Debug|Any CPU
		{0BC7E7E2-271C-47DC-9584-F756DC559000}.Debug|x64.Build.0 = Debug|Any CPU
		{0BC7E7E2-271C-47DC-9584-F756DC559000}.Debug|x86.ActiveCfg = Debug|Any CPU
		{0BC7E7E2-271C-47DC-9584-F756DC559000}.Debug|x86.Build.0 = Debug|Any CPU
		{0BC7E7E2-271C-47DC-9584-F756DC559000}.Release|Any CPU.ActiveCfg = Release|Any CPU
		{0BC7E7E2-271C-47DC-9584-F756DC559000}.Release|Any CPU.Build.0 = Release|Any CPU
		{0BC7E7E2-271C-47DC-9584-F756DC559000}.Release|x64.ActiveCfg = Release|Any CPU
		{0BC7E7E2-271C-47DC-9584-F756DC559000}.Release|x64.Build.0 = Release|Any CPU
		{0BC7E7E2-271C-47DC-9584-F756DC559000}.Release|x86.ActiveCfg = Release|Any CPU
		{0BC7E7E2-271C-47DC-9584-F756DC559000}.Release|x86.Build.0 = Release|Any CPU
		{3EADA2CD-43E6-4733-B38C-58283176D71B}.Debug|Any CPU.ActiveCfg = Debug|Any CPU
		{3EADA2CD-43E6-4733-B38C-58283176D71B}.Debug|Any CPU.Build.0 = Debug|Any CPU
		{3EADA2CD-43E6-4733-B38C-58283176D71B}.Debug|x64.ActiveCfg = Debug|Any CPU
		{3EADA2CD-43E6-4733-B38C-58283176D71B}.Debug|x64.Build.0 = Debug|Any CPU
		{3EADA2CD-43E6-4733-B38C-58283176D71B}.Debug|x86.ActiveCfg = Debug|Any CPU
		{3EADA2CD-43E6-4733-B38C-58283176D71B}.Debug|x86.Build.0 = Debug|Any CPU
		{3EADA2CD-43E6-4733-B38C-58283176D71B}.Release|Any CPU.ActiveCfg = Release|Any CPU
		{3EADA2CD-43E6-4733-B38C-58283176D71B}.Release|Any CPU.Build.0 = Release|Any CPU
		{3EADA2CD-43E6-4733-B38C-58283176D71B}.Release|x64.ActiveCfg = Release|Any CPU
		{3EADA2CD-43E6-4733-B38C-58283176D71B}.Release|x64.Build.0 = Release|Any CPU
		{3EADA2CD-43E6-4733-B38C-58283176D71B}.Release|x86.ActiveCfg = Release|Any CPU
		{3EADA2CD-43E6-4733-B38C-58283176D71B}.Release|x86.Build.0 = Release|Any CPU
		{3332A362-41DC-49B3-BF93-A3E311AA2872}.Debug|Any CPU.ActiveCfg = Debug|Any CPU
		{3332A362-41DC-49B3-BF93-A3E311AA2872}.Debug|Any CPU.Build.0 = Debug|Any CPU
		{3332A362-41DC-49B3-BF93-A3E311AA2872}.Debug|x64.ActiveCfg = Debug|Any CPU
		{3332A362-41DC-49B3-BF93-A3E311AA2872}.Debug|x64.Build.0 = Debug|Any CPU
		{3332A362-41DC-49B3-BF93-A3E311AA2872}.Debug|x86.ActiveCfg = Debug|Any CPU
		{3332A362-41DC-49B3-BF93-A3E311AA2872}.Debug|x86.Build.0 = Debug|Any CPU
		{3332A362-41DC-49B3-BF93-A3E311AA2872}.Release|Any CPU.ActiveCfg = Release|Any CPU
		{3332A362-41DC-49B3-BF93-A3E311AA2872}.Release|Any CPU.Build.0 = Release|Any CPU
		{3332A362-41DC-49B3-BF93-A3E311AA2872}.Release|x64.ActiveCfg = Release|Any CPU
		{3332A362-41DC-49B3-BF93-A3E311AA2872}.Release|x64.Build.0 = Release|Any CPU
		{3332A362-41DC-49B3-BF93-A3E311AA2872}.Release|x86.ActiveCfg = Release|Any CPU
		{3332A362-41DC-49B3-BF93-A3E311AA2872}.Release|x86.Build.0 = Release|Any CPU
		{7B17BDAB-7144-41A8-87CF-ED29B9CDBF0F}.Debug|Any CPU.ActiveCfg = Debug|Any CPU
		{7B17BDAB-7144-41A8-87CF-ED29B9CDBF0F}.Debug|Any CPU.Build.0 = Debug|Any CPU
		{7B17BDAB-7144-41A8-87CF-ED29B9CDBF0F}.Debug|x64.ActiveCfg = Debug|Any CPU
		{7B17BDAB-7144-41A8-87CF-ED29B9CDBF0F}.Debug|x64.Build.0 = Debug|Any CPU
		{7B17BDAB-7144-41A8-87CF-ED29B9CDBF0F}.Debug|x86.ActiveCfg = Debug|Any CPU
		{7B17BDAB-7144-41A8-87CF-ED29B9CDBF0F}.Debug|x86.Build.0 = Debug|Any CPU
		{7B17BDAB-7144-41A8-87CF-ED29B9CDBF0F}.Release|Any CPU.ActiveCfg = Release|Any CPU
		{7B17BDAB-7144-41A8-87CF-ED29B9CDBF0F}.Release|Any CPU.Build.0 = Release|Any CPU
		{7B17BDAB-7144-41A8-87CF-ED29B9CDBF0F}.Release|x64.ActiveCfg = Release|Any CPU
		{7B17BDAB-7144-41A8-87CF-ED29B9CDBF0F}.Release|x64.Build.0 = Release|Any CPU
		{7B17BDAB-7144-41A8-87CF-ED29B9CDBF0F}.Release|x86.ActiveCfg = Release|Any CPU
		{7B17BDAB-7144-41A8-87CF-ED29B9CDBF0F}.Release|x86.Build.0 = Release|Any CPU
		{38FA5EBF-D562-4FCF-B1B2-247442C52539}.Debug|Any CPU.ActiveCfg = Debug|Any CPU
		{38FA5EBF-D562-4FCF-B1B2-247442C52539}.Debug|Any CPU.Build.0 = Debug|Any CPU
		{38FA5EBF-D562-4FCF-B1B2-247442C52539}.Debug|x64.ActiveCfg = Debug|Any CPU
		{38FA5EBF-D562-4FCF-B1B2-247442C52539}.Debug|x64.Build.0 = Debug|Any CPU
		{38FA5EBF-D562-4FCF-B1B2-247442C52539}.Debug|x86.ActiveCfg = Debug|Any CPU
		{38FA5EBF-D562-4FCF-B1B2-247442C52539}.Debug|x86.Build.0 = Debug|Any CPU
		{38FA5EBF-D562-4FCF-B1B2-247442C52539}.Release|Any CPU.ActiveCfg = Release|Any CPU
		{38FA5EBF-D562-4FCF-B1B2-247442C52539}.Release|Any CPU.Build.0 = Release|Any CPU
		{38FA5EBF-D562-4FCF-B1B2-247442C52539}.Release|x64.ActiveCfg = Release|Any CPU
		{38FA5EBF-D562-4FCF-B1B2-247442C52539}.Release|x64.Build.0 = Release|Any CPU
		{38FA5EBF-D562-4FCF-B1B2-247442C52539}.Release|x86.ActiveCfg = Release|Any CPU
		{38FA5EBF-D562-4FCF-B1B2-247442C52539}.Release|x86.Build.0 = Release|Any CPU
		{64D5BAD9-7D6B-4E0C-8913-9A48643A1C38}.Debug|Any CPU.ActiveCfg = Debug|Any CPU
		{64D5BAD9-7D6B-4E0C-8913-9A48643A1C38}.Debug|Any CPU.Build.0 = Debug|Any CPU
		{64D5BAD9-7D6B-4E0C-8913-9A48643A1C38}.Debug|x64.ActiveCfg = Debug|Any CPU
		{64D5BAD9-7D6B-4E0C-8913-9A48643A1C38}.Debug|x64.Build.0 = Debug|Any CPU
		{64D5BAD9-7D6B-4E0C-8913-9A48643A1C38}.Debug|x86.ActiveCfg = Debug|Any CPU
		{64D5BAD9-7D6B-4E0C-8913-9A48643A1C38}.Debug|x86.Build.0 = Debug|Any CPU
		{64D5BAD9-7D6B-4E0C-8913-9A48643A1C38}.Release|Any CPU.ActiveCfg = Release|Any CPU
		{64D5BAD9-7D6B-4E0C-8913-9A48643A1C38}.Release|Any CPU.Build.0 = Release|Any CPU
		{64D5BAD9-7D6B-4E0C-8913-9A48643A1C38}.Release|x64.ActiveCfg = Release|Any CPU
		{64D5BAD9-7D6B-4E0C-8913-9A48643A1C38}.Release|x64.Build.0 = Release|Any CPU
		{64D5BAD9-7D6B-4E0C-8913-9A48643A1C38}.Release|x86.ActiveCfg = Release|Any CPU
		{64D5BAD9-7D6B-4E0C-8913-9A48643A1C38}.Release|x86.Build.0 = Release|Any CPU
		{66F22A2E-682E-497E-81BD-D25EEBA04E41}.Debug|Any CPU.ActiveCfg = Debug|Any CPU
		{66F22A2E-682E-497E-81BD-D25EEBA04E41}.Debug|Any CPU.Build.0 = Debug|Any CPU
		{66F22A2E-682E-497E-81BD-D25EEBA04E41}.Debug|x64.ActiveCfg = Debug|Any CPU
		{66F22A2E-682E-497E-81BD-D25EEBA04E41}.Debug|x64.Build.0 = Debug|Any CPU
		{66F22A2E-682E-497E-81BD-D25EEBA04E41}.Debug|x86.ActiveCfg = Debug|Any CPU
		{66F22A2E-682E-497E-81BD-D25EEBA04E41}.Debug|x86.Build.0 = Debug|Any CPU
		{66F22A2E-682E-497E-81BD-D25EEBA04E41}.Release|Any CPU.ActiveCfg = Release|Any CPU
		{66F22A2E-682E-497E-81BD-D25EEBA04E41}.Release|Any CPU.Build.0 = Release|Any CPU
		{66F22A2E-682E-497E-81BD-D25EEBA04E41}.Release|x64.ActiveCfg = Release|Any CPU
		{66F22A2E-682E-497E-81BD-D25EEBA04E41}.Release|x64.Build.0 = Release|Any CPU
		{66F22A2E-682E-497E-81BD-D25EEBA04E41}.Release|x86.ActiveCfg = Release|Any CPU
		{66F22A2E-682E-497E-81BD-D25EEBA04E41}.Release|x86.Build.0 = Release|Any CPU
	EndGlobalSection
	GlobalSection(SolutionProperties) = preSolution
		HideSolutionNode = FALSE
	EndGlobalSection
	GlobalSection(ExtensibilityGlobals) = postSolution
		SolutionGuid = {B196BACC-023D-49A6-A6A7-E7B99C2E9E36}
	EndGlobalSection
EndGlobal
