
Microsoft Visual Studio Solution File, Format Version 12.00
# Visual Studio Version 17
VisualStudioVersion = 17.11.35219.272
MinimumVisualStudioVersion = 10.0.40219.1
Project("{9A19103F-16F7-4668-BE54-9A1E7A4F7556}") = "DalTest", "DalTest\DalTest.csproj", "{0BC7E7E2-271C-47DC-9584-F756DC559000}"
EndProject
Project("{9A19103F-16F7-4668-BE54-9A1E7A4F7556}") = "DalFacade", "DalFacade\DalFacade.csproj", "{3EADA2CD-43E6-4733-B38C-58283176D71B}"
EndProject
Project("{9A19103F-16F7-4668-BE54-9A1E7A4F7556}") = "DalList", "DalList\DalList.csproj", "{3332A362-41DC-49B3-BF93-A3E311AA2872}"
EndProject
Global
	GlobalSection(SolutionConfigurationPlatforms) = preSolution
		Debug|Any CPU = Debug|Any CPU
		Release|Any CPU = Release|Any CPU
	EndGlobalSection
	GlobalSection(ProjectConfigurationPlatforms) = postSolution
		{0BC7E7E2-271C-47DC-9584-F756DC559000}.Debug|Any CPU.ActiveCfg = Debug|Any CPU
		{0BC7E7E2-271C-47DC-9584-F756DC559000}.Debug|Any CPU.Build.0 = Debug|Any CPU
		{0BC7E7E2-271C-47DC-9584-F756DC559000}.Release|Any CPU.ActiveCfg = Release|Any CPU
		{0BC7E7E2-271C-47DC-9584-F756DC559000}.Release|Any CPU.Build.0 = Release|Any CPU
		{3EADA2CD-43E6-4733-B38C-58283176D71B}.Debug|Any CPU.ActiveCfg = Debug|Any CPU
		{3EADA2CD-43E6-4733-B38C-58283176D71B}.Debug|Any CPU.Build.0 = Debug|Any CPU
		{3EADA2CD-43E6-4733-B38C-58283176D71B}.Release|Any CPU.ActiveCfg = Release|Any CPU
		{3EADA2CD-43E6-4733-B38C-58283176D71B}.Release|Any CPU.Build.0 = Release|Any CPU
		{3332A362-41DC-49B3-BF93-A3E311AA2872}.Debug|Any CPU.ActiveCfg = Debug|Any CPU
		{3332A362-41DC-49B3-BF93-A3E311AA2872}.Debug|Any CPU.Build.0 = Debug|Any CPU
		{3332A362-41DC-49B3-BF93-A3E311AA2872}.Release|Any CPU.ActiveCfg = Release|Any CPU
		{3332A362-41DC-49B3-BF93-A3E311AA2872}.Release|Any CPU.Build.0 = Release|Any CPU
	EndGlobalSection
	GlobalSection(SolutionProperties) = preSolution
		HideSolutionNode = FALSE
	EndGlobalSection
	GlobalSection(ExtensibilityGlobals) = postSolution
		SolutionGuid = {B196BACC-023D-49A6-A6A7-E7B99C2E9E36}
	EndGlobalSection
EndGlobal
